
Microsoft Visual Studio Solution File, Format Version 12.00
# Visual Studio Version 16
VisualStudioVersion = 16.0.31005.135
MinimumVisualStudioVersion = 10.0.40219.1
Project("{FAE04EC0-301F-11D3-BF4B-00C04F79EFBC}") = "EmptyASPNetCoreMVC", "EmptyASPNetCoreMVC.csproj", "{CA8A9212-D5D1-4530-AD40-6471F2A1692D}"
EndProject
Global
	GlobalSection(SolutionConfigurationPlatforms) = preSolution
		Debug|Any CPU = Debug|Any CPU
		Release|Any CPU = Release|Any CPU
	EndGlobalSection
	GlobalSection(ProjectConfigurationPlatforms) = postSolution
		{CA8A9212-D5D1-4530-AD40-6471F2A1692D}.Debug|Any CPU.ActiveCfg = Debug|Any CPU
		{CA8A9212-D5D1-4530-AD40-6471F2A1692D}.Debug|Any CPU.Build.0 = Debug|Any CPU
		{CA8A9212-D5D1-4530-AD40-6471F2A1692D}.Release|Any CPU.ActiveCfg = Release|Any CPU
		{CA8A9212-D5D1-4530-AD40-6471F2A1692D}.Release|Any CPU.Build.0 = Release|Any CPU
	EndGlobalSection
	GlobalSection(SolutionProperties) = preSolution
		HideSolutionNode = FALSE
	EndGlobalSection
	GlobalSection(ExtensibilityGlobals) = postSolution
		SolutionGuid = {A6139A0E-8275-41A4-84F7-33EBF9A1D7E7}
	EndGlobalSection
EndGlobal
